{
	"name": "myst-version-switcher-plugin",
	"lockfileVersion": 3,
	"requires": true,
	"packages": {
		"": {
			"name": "myst-version-switcher-plugin",
			"license": "Apache-2.0",
			"devDependencies": {
				"@biomejs/biome": "^2.0.0",
				"@j178/prek": "^0.4.0",
				"mystmd": "1.10.1"
			}
		},
		"node_modules/@biomejs/biome": {
			"version": "2.5.7",
			"resolved": "https://registry.npmjs.org/@biomejs/biome/-/biome-2.5.7.tgz",
			"integrity": "sha512-zr8K/DcY5tYsQOQwqMJ0AWElo6QgmgNI7idXgXLhevVszlt8RGVpesEJPqx3ThazLaOwjJ5Y8fz3BtH5fGZNsw==",
			"dev": true,
			"license": "MIT OR Apache-2.0",
			"bin": {
				"biome": "bin/biome"
			},
			"engines": {
				"node": ">=14.21.3"
			},
			"funding": {
				"type": "opencollective",
				"url": "https://opencollective.com/biome"
			},
			"optionalDependencies": {
				"@biomejs/cli-darwin-arm64": "2.5.7",
				"@biomejs/cli-darwin-x64": "2.5.7",
				"@biomejs/cli-linux-arm64": "2.5.7",
				"@biomejs/cli-linux-arm64-musl": "2.5.7",
				"@biomejs/cli-linux-x64": "2.5.7",
				"@biomejs/cli-linux-x64-musl": "2.5.7",
				"@biomejs/cli-win32-arm64": "2.5.7",
				"@biomejs/cli-win32-x64": "2.5.7"
			}
		},
		"node_modules/@biomejs/cli-darwin-arm64": {
			"version": "2.5.7",
			"resolved": "https://registry.npmjs.org/@biomejs/cli-darwin-arm64/-/cli-darwin-arm64-2.5.7.tgz",
			"integrity": "sha512-vxo/Ls3/PYdQWyLhYYcgMOCzQypAjcY+iihS8M0wW03l16TCLW4zqZzGo75gm1VdCMj38hTVZ31KBWrZ4G9dJw==",
			"cpu": [
				"arm64"
			],
			"dev": true,
			"license": "MIT OR Apache-2.0",
			"optional": true,
			"os": [
				"darwin"
			],
			"engines": {
				"node": ">=14.21.3"
			}
		},
		"node_modules/@biomejs/cli-darwin-x64": {
			"version": "2.5.7",
			"resolved": "https://registry.npmjs.org/@biomejs/cli-darwin-x64/-/cli-darwin-x64-2.5.7.tgz",
			"integrity": "sha512-Cd3Ga61amT/Yl/0x8elP5hhGYaFy4bw6WuysTgf7oo8TA5tJ5A1k+DkVoJ2BHbTVil51gTX9VPzArnrlLJ3Kyg==",
			"cpu": [
				"x64"
			],
			"dev": true,
			"license": "MIT OR Apache-2.0",
			"optional": true,
			"os": [
				"darwin"
			],
			"engines": {
				"node": ">=14.21.3"
			}
		},
		"node_modules/@biomejs/cli-linux-arm64": {
			"version": "2.5.7",
			"resolved": "https://registry.npmjs.org/@biomejs/cli-linux-arm64/-/cli-linux-arm64-2.5.7.tgz",
			"integrity": "sha512-rR2QE0yF2GYSuYuKIa7pKvODGJqnOH+2eDREAM8wV+mWKSkMQKdAp4zXEZfTaxY8PMoNONnpgSWcBCyLDPDOKg==",
			"cpu": [
				"arm64"
			],
			"dev": true,
			"libc": [
				"glibc"
			],
			"license": "MIT OR Apache-2.0",
			"optional": true,
			"os": [
				"linux"
			],
			"engines": {
				"node": ">=14.21.3"
			}
		},
		"node_modules/@biomejs/cli-linux-arm64-musl": {
			"version": "2.5.7",
			"resolved": "https://registry.npmjs.org/@biomejs/cli-linux-arm64-musl/-/cli-linux-arm64-musl-2.5.7.tgz",
			"integrity": "sha512-xPI5yB6XlpDbNkS+bm1t42olw5c4l3UrlOmLg7KtLJvjvkNF/1V4tnUgfkylGIeb3u/T+BzMGYqgQhzjAoJzuQ==",
			"cpu": [
				"arm64"
			],
			"dev": true,
			"libc": [
				"musl"
			],
			"license": "MIT OR Apache-2.0",
			"optional": true,
			"os": [
				"linux"
			],
			"engines": {
				"node": ">=14.21.3"
			}
		},
		"node_modules/@biomejs/cli-linux-x64": {
			"version": "2.5.7",
			"resolved": "https://registry.npmjs.org/@biomejs/cli-linux-x64/-/cli-linux-x64-2.5.7.tgz",
			"integrity": "sha512-FQgqJhscrqJUFptGaRSUJWlXAExwWcDwLuK49dvKfkQ1bB5SEEyFssnsxQY83Xm6jR0EbbX3+8+D5bfvYqUG2Q==",
			"cpu": [
				"x64"
			],
			"dev": true,
			"libc": [
				"glibc"
			],
			"license": "MIT OR Apache-2.0",
			"optional": true,
			"os": [
				"linux"
			],
			"engines": {
				"node": ">=14.21.3"
			}
		},
		"node_modules/@biomejs/cli-linux-x64-musl": {
			"version": "2.5.7",
			"resolved": "https://registry.npmjs.org/@biomejs/cli-linux-x64-musl/-/cli-linux-x64-musl-2.5.7.tgz",
			"integrity": "sha512-rE5VZi+qtmPgQH+l7jVxYoZ18b/TiHEhulhMpjmCZH1PltSbjRcxNWywC3HZ9tYottG7ORkeTtoscBilKSBm0g==",
			"cpu": [
				"x64"
			],
			"dev": true,
			"libc": [
				"musl"
			],
			"license": "MIT OR Apache-2.0",
			"optional": true,
			"os": [
				"linux"
			],
			"engines": {
				"node": ">=14.21.3"
			}
		},
		"node_modules/@biomejs/cli-win32-arm64": {
			"version": "2.5.7",
			"resolved": "https://registry.npmjs.org/@biomejs/cli-win32-arm64/-/cli-win32-arm64-2.5.7.tgz",
			"integrity": "sha512-Oq4x0CCwP4jirrcTywXs5kOGZ4v5vuEP+gWrbtjApOA2CL9F3F9GlIdQIci8AKSCa/zURanMRpX/4wQ7Am6hHg==",
			"cpu": [
				"arm64"
			],
			"dev": true,
			"license": "MIT OR Apache-2.0",
			"optional": true,
			"os": [
				"win32"
			],
			"engines": {
				"node": ">=14.21.3"
			}
		},
		"node_modules/@biomejs/cli-win32-x64": {
			"version": "2.5.7",
			"resolved": "https://registry.npmjs.org/@biomejs/cli-win32-x64/-/cli-win32-x64-2.5.7.tgz",
			"integrity": "sha512-V+0wu/nrj2S+MhP4EQ0uHNolP0IALEsz45pg0WoKkHfDeh0+ItHwP/p7bX5RPoMOl9NkpHYWdYPhIcy2mACHvQ==",
			"cpu": [
				"x64"
			],
			"dev": true,
			"license": "MIT OR Apache-2.0",
			"optional": true,
			"os": [
				"win32"
			],
			"engines": {
				"node": ">=14.21.3"
			}
		},
		"node_modules/@j178/prek": {
			"version": "0.4.12",
			"resolved": "https://registry.npmjs.org/@j178/prek/-/prek-0.4.12.tgz",
			"integrity": "sha512-kWvvcb3UrrA9OUDFKf1zIGOxengkcwW9If2ugbMWIJuuAJu0dTA9TLQ9oJTLN5dyOku6HYWuLRBgQ375gTrC1w==",
			"dev": true,
			"license": "MIT",
			"bin": {
				"prek": "bin/prek.js"
			},
			"engines": {
				"node": ">=18"
			},
			"optionalDependencies": {
				"@j178/prek-android-arm64": "0.4.12",
				"@j178/prek-darwin-arm64": "0.4.12",
				"@j178/prek-darwin-x64": "0.4.12",
				"@j178/prek-linux-arm-gnueabihf": "0.4.12",
				"@j178/prek-linux-arm-musleabihf": "0.4.12",
				"@j178/prek-linux-arm64-gnu": "0.4.12",
				"@j178/prek-linux-arm64-musl": "0.4.12",
				"@j178/prek-linux-armv7-musleabihf": "0.4.12",
				"@j178/prek-linux-ia32-gnu": "0.4.12",
				"@j178/prek-linux-ia32-musl": "0.4.12",
				"@j178/prek-linux-riscv64-gnu": "0.4.12",
				"@j178/prek-linux-s390x-gnu": "0.4.12",
				"@j178/prek-linux-x64-gnu": "0.4.12",
				"@j178/prek-linux-x64-musl": "0.4.12",
				"@j178/prek-win32-arm64-msvc": "0.4.12",
				"@j178/prek-win32-ia32-msvc": "0.4.12",
				"@j178/prek-win32-x64-msvc": "0.4.12"
			}
		},
		"node_modules/@j178/prek-android-arm64": {
			"version": "0.4.12",
			"resolved": "https://registry.npmjs.org/@j178/prek-android-arm64/-/prek-android-arm64-0.4.12.tgz",
			"integrity": "sha512-JcNFKqLz3b0Jj+IB8UH2atPoWDulBx/k9OU0zefApB/bmkOLpf5yuzvnjFAnU2/RPkq4oo92fWfkTnGQvdpnqg==",
			"cpu": [
				"arm64"
			],
			"dev": true,
			"license": "MIT",
			"optional": true,
			"os": [
				"android"
			],
			"engines": {
				"node": ">=18"
			}
		},
		"node_modules/@j178/prek-darwin-arm64": {
			"version": "0.4.12",
			"resolved": "https://registry.npmjs.org/@j178/prek-darwin-arm64/-/prek-darwin-arm64-0.4.12.tgz",
			"integrity": "sha512-hM+g3iRzR1Fxx7jy2bNarUyEGEJSrTNk34zWZS9hdThwD7bCJV9OdHWdr1/p1f/xJFFMx+vNzt2ZEFLNaelnJQ==",
			"cpu": [
				"arm64"
			],
			"dev": true,
			"license": "MIT",
			"optional": true,
			"os": [
				"darwin"
			],
			"engines": {
				"node": ">=18"
			}
		},
		"node_modules/@j178/prek-darwin-x64": {
			"version": "0.4.12",
			"resolved": "https://registry.npmjs.org/@j178/prek-darwin-x64/-/prek-darwin-x64-0.4.12.tgz",
			"integrity": "sha512-l5iqFMnlo3nSgqlexfmWo07cf3/vOnWghNO5yOexIKwh10H2NCjL1DH82rtP6kv9JplJhgEKAAAcDxdfNIe1Ow==",
			"cpu": [
				"x64"
			],
			"dev": true,
			"license": "MIT",
			"optional": true,
			"os": [
				"darwin"
			],
			"engines": {
				"node": ">=18"
			}
		},
		"node_modules/@j178/prek-linux-arm-gnueabihf": {
			"version": "0.4.12",
			"resolved": "https://registry.npmjs.org/@j178/prek-linux-arm-gnueabihf/-/prek-linux-arm-gnueabihf-0.4.12.tgz",
			"integrity": "sha512-ZYe+8IJDZNJHYmPqH/CTFo/pZnKMUnvCFIFBJ3eW1YhUiRf1AYu2uxU0hTw3iXGu+jUtbEw3Zg+tv81/xJVIyA==",
			"cpu": [
				"arm"
			],
			"dev": true,
			"libc": [
				"glibc"
			],
			"license": "MIT",
			"optional": true,
			"os": [
				"linux"
			],
			"engines": {
				"node": ">=18"
			}
		},
		"node_modules/@j178/prek-linux-arm-musleabihf": {
			"version": "0.4.12",
			"resolved": "https://registry.npmjs.org/@j178/prek-linux-arm-musleabihf/-/prek-linux-arm-musleabihf-0.4.12.tgz",
			"integrity": "sha512-Yzzm9SI5btdS+gr21eu9Ly4U117sqYmOQ+HVn5MFNMphMMHzD+xpwiF7YV+Ba5/0Jrj45kX8Kk3l18B1gw4SvQ==",
			"cpu": [
				"arm"
			],
			"dev": true,
			"libc": [
				"musl"
			],
			"license": "MIT",
			"optional": true,
			"os": [
				"linux"
			],
			"engines": {
				"node": ">=18"
			}
		},
		"node_modules/@j178/prek-linux-arm64-gnu": {
			"version": "0.4.12",
			"resolved": "https://registry.npmjs.org/@j178/prek-linux-arm64-gnu/-/prek-linux-arm64-gnu-0.4.12.tgz",
			"integrity": "sha512-Kt4i+/d/jSG2Ml7Pyn66ztF5yu125kEER7XIt3PdJ/KLegNLDqMYHqX9d5kivEsF6Ncoyw0FBzdDPAd2NjE0yw==",
			"cpu": [
				"arm64"
			],
			"dev": true,
			"libc": [
				"glibc"
			],
			"license": "MIT",
			"optional": true,
			"os": [
				"linux"
			],
			"engines": {
				"node": ">=18"
			}
		},
		"node_modules/@j178/prek-linux-arm64-musl": {
			"version": "0.4.12",
			"resolved": "https://registry.npmjs.org/@j178/prek-linux-arm64-musl/-/prek-linux-arm64-musl-0.4.12.tgz",
			"integrity": "sha512-Uy1X9Ckx5UWWrhlXnar+ymFTv4wec0ICybxMoCe8b1jDezxM7X7O6dk/h7EFmI2ytQ0ZqOK649bnQGVHaeSnmw==",
			"cpu": [
				"arm64"
			],
			"dev": true,
			"libc": [
				"musl"
			],
			"license": "MIT",
			"optional": true,
			"os": [
				"linux"
			],
			"engines": {
				"node": ">=18"
			}
		},
		"node_modules/@j178/prek-linux-armv7-musleabihf": {
			"version": "0.4.12",
			"resolved": "https://registry.npmjs.org/@j178/prek-linux-armv7-musleabihf/-/prek-linux-armv7-musleabihf-0.4.12.tgz",
			"integrity": "sha512-qnPodfL6YoBi8SrEtM5lUCl2v5LqfYfAXFyTTJ1MLbfFUPv4i9tZPPTQ4glmEhjaCK16qgpuF2rZFdnJRkPiKA==",
			"cpu": [
				"arm"
			],
			"dev": true,
			"libc": [
				"musl"
			],
			"license": "MIT",
			"optional": true,
			"os": [
				"linux"
			],
			"engines": {
				"node": ">=18"
			}
		},
		"node_modules/@j178/prek-linux-ia32-gnu": {
			"version": "0.4.12",
			"resolved": "https://registry.npmjs.org/@j178/prek-linux-ia32-gnu/-/prek-linux-ia32-gnu-0.4.12.tgz",
			"integrity": "sha512-ZEUo/mW8vfEcqC48/3i8T03DbkgxDHVLx/aReoL3t/nJE7WLsfyg29vlzSWUE8e16NKzuuKFuOu9zdYgJBqm4A==",
			"cpu": [
				"ia32"
			],
			"dev": true,
			"libc": [
				"glibc"
			],
			"license": "MIT",
			"optional": true,
			"os": [
				"linux"
			],
			"engines": {
				"node": ">=18"
			}
		},
		"node_modules/@j178/prek-linux-ia32-musl": {
			"version": "0.4.12",
			"resolved": "https://registry.npmjs.org/@j178/prek-linux-ia32-musl/-/prek-linux-ia32-musl-0.4.12.tgz",
			"integrity": "sha512-fyjXUNnlVVmxMzhRbsiA7y2vOgb3nY64oEhf4kB0VA0OnpyzuxQhc4d+ZEWs1iduNPae5Rye8KUSZ6Ycxst5LA==",
			"cpu": [
				"ia32"
			],
			"dev": true,
			"libc": [
				"musl"
			],
			"license": "MIT",
			"optional": true,
			"os": [
				"linux"
			],
			"engines": {
				"node": ">=18"
			}
		},
		"node_modules/@j178/prek-linux-riscv64-gnu": {
			"version": "0.4.12",
			"resolved": "https://registry.npmjs.org/@j178/prek-linux-riscv64-gnu/-/prek-linux-riscv64-gnu-0.4.12.tgz",
			"integrity": "sha512-f+v3vkPrtAVyR3pfhUs/y8OCIoQzsqDgVaqv1JPLT3t0NGfKbTR/Je9i1CYXfkw0CZrWj+jiLuACey4WyciLJw==",
			"cpu": [
				"riscv64"
			],
			"dev": true,
			"libc": [
				"glibc"
			],
			"license": "MIT",
			"optional": true,
			"os": [
				"linux"
			],
			"engines": {
				"node": ">=18"
			}
		},
		"node_modules/@j178/prek-linux-s390x-gnu": {
			"version": "0.4.12",
			"resolved": "https://registry.npmjs.org/@j178/prek-linux-s390x-gnu/-/prek-linux-s390x-gnu-0.4.12.tgz",
			"integrity": "sha512-kgvjWI5lp0STIIn5fUDSD3BntcwlE4DehXES01zdbYvGntGyzrzPc7gldVEoFHZnnpKfpOtUXwUEiN9OMmtJ9g==",
			"cpu": [
				"s390x"
			],
			"dev": true,
			"libc": [
				"glibc"
			],
			"license": "MIT",
			"optional": true,
			"os": [
				"linux"
			],
			"engines": {
				"node": ">=18"
			}
		},
		"node_modules/@j178/prek-linux-x64-gnu": {
			"version": "0.4.12",
			"resolved": "https://registry.npmjs.org/@j178/prek-linux-x64-gnu/-/prek-linux-x64-gnu-0.4.12.tgz",
			"integrity": "sha512-RrRlAioG+ocNXoEEA8A83MXCLdIdwKzjmgkw0NFACxBL1uKgNg58BcDlpori2DRTVdjeDfpO2P55fVKj7s4x9w==",
			"cpu": [
				"x64"
			],
			"dev": true,
			"libc": [
				"glibc"
			],
			"license": "MIT",
			"optional": true,
			"os": [
				"linux"
			],
			"engines": {
				"node": ">=18"
			}
		},
		"node_modules/@j178/prek-linux-x64-musl": {
			"version": "0.4.12",
			"resolved": "https://registry.npmjs.org/@j178/prek-linux-x64-musl/-/prek-linux-x64-musl-0.4.12.tgz",
			"integrity": "sha512-WKKBZWPxcQ6ksowqb/2LM2H64AAf9HWAbm48YyGy6fyor4e3lV4n9+UtFhJtL94/0x1plUaxQE4VWbdI+oCG4A==",
			"cpu": [
				"x64"
			],
			"dev": true,
			"libc": [
				"musl"
			],
			"license": "MIT",
			"optional": true,
			"os": [
				"linux"
			],
			"engines": {
				"node": ">=18"
			}
		},
		"node_modules/@j178/prek-win32-arm64-msvc": {
			"version": "0.4.12",
			"resolved": "https://registry.npmjs.org/@j178/prek-win32-arm64-msvc/-/prek-win32-arm64-msvc-0.4.12.tgz",
			"integrity": "sha512-orAGgZoTq8A6L1lkjFlqajfyrQ0ZDZ8iC0knORyVp4wYrA/7bbfsblOsNNu5GDe6VWF+rJ/JfGcBYBsbfe9INw==",
			"cpu": [
				"arm64"
			],
			"dev": true,
			"license": "MIT",
			"optional": true,
			"os": [
				"win32"
			],
			"engines": {
				"node": ">=18"
			}
		},
		"node_modules/@j178/prek-win32-ia32-msvc": {
			"version": "0.4.12",
			"resolved": "https://registry.npmjs.org/@j178/prek-win32-ia32-msvc/-/prek-win32-ia32-msvc-0.4.12.tgz",
			"integrity": "sha512-epSH7iYzIuARNSMTs4oqtUzBYRqpMYU6mKpYiRyHosll4fKzbKhWGkCjMafzYI9Mo0Erc8schaDaEdX2BJ61OA==",
			"cpu": [
				"ia32"
			],
			"dev": true,
			"license": "MIT",
			"optional": true,
			"os": [
				"win32"
			],
			"engines": {
				"node": ">=18"
			}
		},
		"node_modules/@j178/prek-win32-x64-msvc": {
			"version": "0.4.12",
			"resolved": "https://registry.npmjs.org/@j178/prek-win32-x64-msvc/-/prek-win32-x64-msvc-0.4.12.tgz",
			"integrity": "sha512-6BdPhmboppon5uSLdeI2yosJbw0t5FCI/2ekq5dRrhkUR7e+f+j4ipDZOOM7CFoHnsJFQfgx7HmwJm0XsigeeA==",
			"cpu": [
				"x64"
			],
			"dev": true,
			"license": "MIT",
			"optional": true,
			"os": [
				"win32"
			],
			"engines": {
				"node": ">=18"
			}
		},
		"node_modules/mystmd": {
			"version": "1.10.1",
			"resolved": "https://registry.npmjs.org/mystmd/-/mystmd-1.10.1.tgz",
			"integrity": "sha512-nczabm7R8PmoqJVqKpaijTr1kxdwnY+hRoFC7b+NEUdxW5yZZ8n/CuJlMJKlHtG/pA4o3Ia2RP/0Ra3UPj6sFg==",
			"dev": true,
			"license": "MIT",
			"bin": {
				"myst": "dist/myst.cjs"
			}
		}
	}
}
