{
	"name": "myst-version-switcher-plugin",
	"lockfileVersion": 3,
	"requires": true,
	"packages": {
		"": {
			"name": "myst-version-switcher-plugin",
			"license": "Apache-2.0",
			"devDependencies": {
				"@biomejs/biome": "^2.0.0",
				"@j178/prek": "^0.5.0",
				"mystmd": "1.10.1"
			}
		},
		"node_modules/@biomejs/biome": {
			"version": "2.5.14",
			"resolved": "https://registry.npmjs.org/@biomejs/biome/-/biome-2.5.14.tgz",
			"integrity": "sha512-0FabLIjd4M/dm8VFI86RMaLLdgepzbdfiAL2R8cr7V81OYYrP1w7Z73KfAwPK5h9SrEBXTzNG2y+mBwPo9xRnw==",
			"dev": true,
			"license": "MIT OR Apache-2.0",
			"bin": {
				"biome": "bin/biome"
			},
			"engines": {
				"node": ">=14.21.3"
			},
			"funding": {
				"type": "opencollective",
				"url": "https://opencollective.com/biome"
			},
			"optionalDependencies": {
				"@biomejs/cli-darwin-arm64": "2.5.14",
				"@biomejs/cli-darwin-x64": "2.5.14",
				"@biomejs/cli-linux-arm64": "2.5.14",
				"@biomejs/cli-linux-arm64-musl": "2.5.14",
				"@biomejs/cli-linux-x64": "2.5.14",
				"@biomejs/cli-linux-x64-musl": "2.5.14",
				"@biomejs/cli-win32-arm64": "2.5.14",
				"@biomejs/cli-win32-x64": "2.5.14"
			}
		},
		"node_modules/@biomejs/cli-darwin-arm64": {
			"version": "2.5.14",
			"resolved": "https://registry.npmjs.org/@biomejs/cli-darwin-arm64/-/cli-darwin-arm64-2.5.14.tgz",
			"integrity": "sha512-UnzaXO65L4tsZimFITFP2M121GyhDcWFrT3pL5ZJ5U4XcS/0L5VHYytVohdCf/gnDUFHgl2I9xnt5bV/J1kxHQ==",
			"cpu": [
				"arm64"
			],
			"dev": true,
			"license": "MIT OR Apache-2.0",
			"optional": true,
			"os": [
				"darwin"
			],
			"engines": {
				"node": ">=14.21.3"
			}
		},
		"node_modules/@biomejs/cli-darwin-x64": {
			"version": "2.5.14",
			"resolved": "https://registry.npmjs.org/@biomejs/cli-darwin-x64/-/cli-darwin-x64-2.5.14.tgz",
			"integrity": "sha512-kiy8qA16K93J7uvFfWi4LgjqDpnRKyePAna6A0Y4jxyUga35SYpIZ2cNWlhy0lsfgqRenCpfymnJWEZ6mgpRgA==",
			"cpu": [
				"x64"
			],
			"dev": true,
			"license": "MIT OR Apache-2.0",
			"optional": true,
			"os": [
				"darwin"
			],
			"engines": {
				"node": ">=14.21.3"
			}
		},
		"node_modules/@biomejs/cli-linux-arm64": {
			"version": "2.5.14",
			"resolved": "https://registry.npmjs.org/@biomejs/cli-linux-arm64/-/cli-linux-arm64-2.5.14.tgz",
			"integrity": "sha512-vO/9BaU1n30CiFNLx49gMTMtbCAAqlo/EqFoG0BU3deQInTbJrmXSmTQ9e3FoDZIKQnvSLDVNL4lx1ci7y1T1Q==",
			"cpu": [
				"arm64"
			],
			"dev": true,
			"libc": [
				"glibc"
			],
			"license": "MIT OR Apache-2.0",
			"optional": true,
			"os": [
				"linux"
			],
			"engines": {
				"node": ">=14.21.3"
			}
		},
		"node_modules/@biomejs/cli-linux-arm64-musl": {
			"version": "2.5.14",
			"resolved": "https://registry.npmjs.org/@biomejs/cli-linux-arm64-musl/-/cli-linux-arm64-musl-2.5.14.tgz",
			"integrity": "sha512-SJ9PrZkBnnH9dHJDnxk34vKs0GB2dbsioaft6/hPhWJ7AHpwYH83Isnhj0FSRpFkGgpVfJ1lds23ApB2czUDLQ==",
			"cpu": [
				"arm64"
			],
			"dev": true,
			"libc": [
				"musl"
			],
			"license": "MIT OR Apache-2.0",
			"optional": true,
			"os": [
				"linux"
			],
			"engines": {
				"node": ">=14.21.3"
			}
		},
		"node_modules/@biomejs/cli-linux-x64": {
			"version": "2.5.14",
			"resolved": "https://registry.npmjs.org/@biomejs/cli-linux-x64/-/cli-linux-x64-2.5.14.tgz",
			"integrity": "sha512-VHZRa7CCQBUWKxNwUvHJeuW03WFRgN5NWO//SDGOitc9QIeNyfA42V9zlKm+x82xFSG9Bzi5fi+hbhm9anO8yA==",
			"cpu": [
				"x64"
			],
			"dev": true,
			"libc": [
				"glibc"
			],
			"license": "MIT OR Apache-2.0",
			"optional": true,
			"os": [
				"linux"
			],
			"engines": {
				"node": ">=14.21.3"
			}
		},
		"node_modules/@biomejs/cli-linux-x64-musl": {
			"version": "2.5.14",
			"resolved": "https://registry.npmjs.org/@biomejs/cli-linux-x64-musl/-/cli-linux-x64-musl-2.5.14.tgz",
			"integrity": "sha512-2kI5PrMgW5dcEZYrstLPmUmCwkUwZY39rP4BN93Vxbwcs2O57LDQOktUZZYPvvspN5i0mhGr3TJtF5sU26NUWg==",
			"cpu": [
				"x64"
			],
			"dev": true,
			"libc": [
				"musl"
			],
			"license": "MIT OR Apache-2.0",
			"optional": true,
			"os": [
				"linux"
			],
			"engines": {
				"node": ">=14.21.3"
			}
		},
		"node_modules/@biomejs/cli-win32-arm64": {
			"version": "2.5.14",
			"resolved": "https://registry.npmjs.org/@biomejs/cli-win32-arm64/-/cli-win32-arm64-2.5.14.tgz",
			"integrity": "sha512-pHgAFffmZtaYoxavEsWEYNvcA7NwOIjLyqw2HXyLbt16xYryX0L4fMV2u0G9ag6LNYPIoqWaWqzUcnc6rLGGXg==",
			"cpu": [
				"arm64"
			],
			"dev": true,
			"license": "MIT OR Apache-2.0",
			"optional": true,
			"os": [
				"win32"
			],
			"engines": {
				"node": ">=14.21.3"
			}
		},
		"node_modules/@biomejs/cli-win32-x64": {
			"version": "2.5.14",
			"resolved": "https://registry.npmjs.org/@biomejs/cli-win32-x64/-/cli-win32-x64-2.5.14.tgz",
			"integrity": "sha512-oJWmBhoHsnhUKIke+0gXDX0mltJrWHA1UyHsrTlXwX0TL64ilVZAo+TYZm97baecV0esBdpzy3k96q+09JaZUQ==",
			"cpu": [
				"x64"
			],
			"dev": true,
			"license": "MIT OR Apache-2.0",
			"optional": true,
			"os": [
				"win32"
			],
			"engines": {
				"node": ">=14.21.3"
			}
		},
		"node_modules/@j178/prek": {
			"version": "0.5.4",
			"resolved": "https://registry.npmjs.org/@j178/prek/-/prek-0.5.4.tgz",
			"integrity": "sha512-QalDi4SSAJ78p8kJvHi3/hwG63WfuE8oHpj6+SlRWgs3eVpgTOMjawe3bq0C2vPVFvxfwI8YVRx8PCWBfrcc5A==",
			"dev": true,
			"license": "MIT",
			"bin": {
				"prek": "bin/prek.js"
			},
			"engines": {
				"node": ">=18"
			},
			"optionalDependencies": {
				"@j178/prek-android-arm64": "0.5.4",
				"@j178/prek-darwin-arm64": "0.5.4",
				"@j178/prek-darwin-x64": "0.5.4",
				"@j178/prek-linux-arm64-gnu": "0.5.4",
				"@j178/prek-linux-arm64-musl": "0.5.4",
				"@j178/prek-linux-x64-gnu": "0.5.4",
				"@j178/prek-linux-x64-musl": "0.5.4",
				"@j178/prek-win32-arm64-msvc": "0.5.4",
				"@j178/prek-win32-x64-msvc": "0.5.4"
			}
		},
		"node_modules/@j178/prek-android-arm64": {
			"version": "0.5.4",
			"resolved": "https://registry.npmjs.org/@j178/prek-android-arm64/-/prek-android-arm64-0.5.4.tgz",
			"integrity": "sha512-K2kVaCpRmuQjr0sntQEMdTrAP2qTweWWYybyZyDwdIw0AC96Woo4zG7Tho0sJlSJcfcMVFWE34rgfhHB2NaRgA==",
			"cpu": [
				"arm64"
			],
			"dev": true,
			"license": "MIT",
			"optional": true,
			"os": [
				"android"
			],
			"engines": {
				"node": ">=18"
			}
		},
		"node_modules/@j178/prek-darwin-arm64": {
			"version": "0.5.4",
			"resolved": "https://registry.npmjs.org/@j178/prek-darwin-arm64/-/prek-darwin-arm64-0.5.4.tgz",
			"integrity": "sha512-/dzoIpm/Zno+ZNRo4X6crvH5xmTZBieU+8yjXPkBFsiGSqZeN3HfoERQFAZ41C2k0OJnHdzOpnHKlBgAvHD5pg==",
			"cpu": [
				"arm64"
			],
			"dev": true,
			"license": "MIT",
			"optional": true,
			"os": [
				"darwin"
			],
			"engines": {
				"node": ">=18"
			}
		},
		"node_modules/@j178/prek-darwin-x64": {
			"version": "0.5.4",
			"resolved": "https://registry.npmjs.org/@j178/prek-darwin-x64/-/prek-darwin-x64-0.5.4.tgz",
			"integrity": "sha512-k1j1CSXxG9MJtPW1IvJONoyLVlv2EKCVnJk73tvqnkKd3mkDq+x1cAiSbbEoGAtwMqhd7T9bnj5pGQENAaR/5A==",
			"cpu": [
				"x64"
			],
			"dev": true,
			"license": "MIT",
			"optional": true,
			"os": [
				"darwin"
			],
			"engines": {
				"node": ">=18"
			}
		},
		"node_modules/@j178/prek-linux-arm64-gnu": {
			"version": "0.5.4",
			"resolved": "https://registry.npmjs.org/@j178/prek-linux-arm64-gnu/-/prek-linux-arm64-gnu-0.5.4.tgz",
			"integrity": "sha512-fgB19MdxpBeVzRya/dBj0zpDhCtvjiCm/BDMPhpu7FhSFbOJ18bTu9jUgKAclfRik1dkXLLeLA/2e+kGrmfBfw==",
			"cpu": [
				"arm64"
			],
			"dev": true,
			"libc": [
				"glibc"
			],
			"license": "MIT",
			"optional": true,
			"os": [
				"linux"
			],
			"engines": {
				"node": ">=18"
			}
		},
		"node_modules/@j178/prek-linux-arm64-musl": {
			"version": "0.5.4",
			"resolved": "https://registry.npmjs.org/@j178/prek-linux-arm64-musl/-/prek-linux-arm64-musl-0.5.4.tgz",
			"integrity": "sha512-IhaFnZPXlOYqBayCv/75sn7THBDamvi/b+o0IiceQEb9qvcDwmfVwZufC6kDpRWoL2ESXJPjYXoQsl+Lr55ZEw==",
			"cpu": [
				"arm64"
			],
			"dev": true,
			"libc": [
				"musl"
			],
			"license": "MIT",
			"optional": true,
			"os": [
				"linux"
			],
			"engines": {
				"node": ">=18"
			}
		},
		"node_modules/@j178/prek-linux-x64-gnu": {
			"version": "0.5.4",
			"resolved": "https://registry.npmjs.org/@j178/prek-linux-x64-gnu/-/prek-linux-x64-gnu-0.5.4.tgz",
			"integrity": "sha512-srSCqoDuq/dTs6sg+B193PmRqPsbT4ibY66KE/pkaAWOzWc6dSpECtsJQkymH172ewI4Gs9G5ZR8m7KCtqFiZA==",
			"cpu": [
				"x64"
			],
			"dev": true,
			"libc": [
				"glibc"
			],
			"license": "MIT",
			"optional": true,
			"os": [
				"linux"
			],
			"engines": {
				"node": ">=18"
			}
		},
		"node_modules/@j178/prek-linux-x64-musl": {
			"version": "0.5.4",
			"resolved": "https://registry.npmjs.org/@j178/prek-linux-x64-musl/-/prek-linux-x64-musl-0.5.4.tgz",
			"integrity": "sha512-nbJod1QxtJls9O+FLpwItrXm0aL8LGJlz0itdDgwvCem0IhSHnOikuyy16R1x/WA5AOVMA0EMbHcbivym+a7Mg==",
			"cpu": [
				"x64"
			],
			"dev": true,
			"libc": [
				"musl"
			],
			"license": "MIT",
			"optional": true,
			"os": [
				"linux"
			],
			"engines": {
				"node": ">=18"
			}
		},
		"node_modules/@j178/prek-win32-arm64-msvc": {
			"version": "0.5.4",
			"resolved": "https://registry.npmjs.org/@j178/prek-win32-arm64-msvc/-/prek-win32-arm64-msvc-0.5.4.tgz",
			"integrity": "sha512-BqBWp6iBhxcPX+o5+v31xh1l6LYMqq/YomNd/LYvyX+QCL1Xptd2FgG5K0Zq2FG0C7y6isANFMifVdnoA3oKsg==",
			"cpu": [
				"arm64"
			],
			"dev": true,
			"license": "MIT",
			"optional": true,
			"os": [
				"win32"
			],
			"engines": {
				"node": ">=18"
			}
		},
		"node_modules/@j178/prek-win32-x64-msvc": {
			"version": "0.5.4",
			"resolved": "https://registry.npmjs.org/@j178/prek-win32-x64-msvc/-/prek-win32-x64-msvc-0.5.4.tgz",
			"integrity": "sha512-p/1rouJZGcLq+MMHQ9PbfEvXT9r2iav2yB6anlH0FofbSbO5gzJUEsxVsuSF0yHvk5a6jnHiuS0IK5TDXdNKGA==",
			"cpu": [
				"x64"
			],
			"dev": true,
			"license": "MIT",
			"optional": true,
			"os": [
				"win32"
			],
			"engines": {
				"node": ">=18"
			}
		},
		"node_modules/mystmd": {
			"version": "1.10.1",
			"resolved": "https://registry.npmjs.org/mystmd/-/mystmd-1.10.1.tgz",
			"integrity": "sha512-nczabm7R8PmoqJVqKpaijTr1kxdwnY+hRoFC7b+NEUdxW5yZZ8n/CuJlMJKlHtG/pA4o3Ia2RP/0Ra3UPj6sFg==",
			"dev": true,
			"license": "MIT",
			"bin": {
				"myst": "dist/myst.cjs"
			}
		}
	}
}
