{
	"name": "myst-version-switcher-plugin",
	"version": "0.1.0",
	"lockfileVersion": 3,
	"requires": true,
	"packages": {
		"": {
			"name": "myst-version-switcher-plugin",
			"license": "Apache-2.0",
			"devDependencies": {
				"@biomejs/biome": "^1.9.0",
				"@j178/prek": "^0.3.0",
				"mystmd": "1.10.1"
			}
		},
		"node_modules/@biomejs/biome": {
			"version": "1.9.4",
			"resolved": "https://registry.npmjs.org/@biomejs/biome/-/biome-1.9.4.tgz",
			"integrity": "sha512-1rkd7G70+o9KkTn5KLmDYXihGoTaIGO9PIIN2ZB7UJxFrWw04CZHPYiMRjYsaDvVV7hP1dYNRLxSANLaBFGpog==",
			"dev": true,
			"hasInstallScript": true,
			"bin": {
				"biome": "bin/biome"
			},
			"engines": {
				"node": ">=14.21.3"
			},
			"funding": {
				"type": "opencollective",
				"url": "https://opencollective.com/biome"
			},
			"optionalDependencies": {
				"@biomejs/cli-darwin-arm64": "1.9.4",
				"@biomejs/cli-darwin-x64": "1.9.4",
				"@biomejs/cli-linux-arm64": "1.9.4",
				"@biomejs/cli-linux-arm64-musl": "1.9.4",
				"@biomejs/cli-linux-x64": "1.9.4",
				"@biomejs/cli-linux-x64-musl": "1.9.4",
				"@biomejs/cli-win32-arm64": "1.9.4",
				"@biomejs/cli-win32-x64": "1.9.4"
			}
		},
		"node_modules/@biomejs/cli-darwin-arm64": {
			"version": "1.9.4",
			"resolved": "https://registry.npmjs.org/@biomejs/cli-darwin-arm64/-/cli-darwin-arm64-1.9.4.tgz",
			"integrity": "sha512-bFBsPWrNvkdKrNCYeAp+xo2HecOGPAy9WyNyB/jKnnedgzl4W4Hb9ZMzYNbf8dMCGmUdSavlYHiR01QaYR58cw==",
			"cpu": [
				"arm64"
			],
			"dev": true,
			"optional": true,
			"os": [
				"darwin"
			],
			"engines": {
				"node": ">=14.21.3"
			}
		},
		"node_modules/@biomejs/cli-darwin-x64": {
			"version": "1.9.4",
			"resolved": "https://registry.npmjs.org/@biomejs/cli-darwin-x64/-/cli-darwin-x64-1.9.4.tgz",
			"integrity": "sha512-ngYBh/+bEedqkSevPVhLP4QfVPCpb+4BBe2p7Xs32dBgs7rh9nY2AIYUL6BgLw1JVXV8GlpKmb/hNiuIxfPfZg==",
			"cpu": [
				"x64"
			],
			"dev": true,
			"optional": true,
			"os": [
				"darwin"
			],
			"engines": {
				"node": ">=14.21.3"
			}
		},
		"node_modules/@biomejs/cli-linux-arm64": {
			"version": "1.9.4",
			"resolved": "https://registry.npmjs.org/@biomejs/cli-linux-arm64/-/cli-linux-arm64-1.9.4.tgz",
			"integrity": "sha512-fJIW0+LYujdjUgJJuwesP4EjIBl/N/TcOX3IvIHJQNsAqvV2CHIogsmA94BPG6jZATS4Hi+xv4SkBBQSt1N4/g==",
			"cpu": [
				"arm64"
			],
			"dev": true,
			"optional": true,
			"os": [
				"linux"
			],
			"engines": {
				"node": ">=14.21.3"
			}
		},
		"node_modules/@biomejs/cli-linux-arm64-musl": {
			"version": "1.9.4",
			"resolved": "https://registry.npmjs.org/@biomejs/cli-linux-arm64-musl/-/cli-linux-arm64-musl-1.9.4.tgz",
			"integrity": "sha512-v665Ct9WCRjGa8+kTr0CzApU0+XXtRgwmzIf1SeKSGAv+2scAlW6JR5PMFo6FzqqZ64Po79cKODKf3/AAmECqA==",
			"cpu": [
				"arm64"
			],
			"dev": true,
			"optional": true,
			"os": [
				"linux"
			],
			"engines": {
				"node": ">=14.21.3"
			}
		},
		"node_modules/@biomejs/cli-linux-x64": {
			"version": "1.9.4",
			"resolved": "https://registry.npmjs.org/@biomejs/cli-linux-x64/-/cli-linux-x64-1.9.4.tgz",
			"integrity": "sha512-lRCJv/Vi3Vlwmbd6K+oQ0KhLHMAysN8lXoCI7XeHlxaajk06u7G+UsFSO01NAs5iYuWKmVZjmiOzJ0OJmGsMwg==",
			"cpu": [
				"x64"
			],
			"dev": true,
			"optional": true,
			"os": [
				"linux"
			],
			"engines": {
				"node": ">=14.21.3"
			}
		},
		"node_modules/@biomejs/cli-linux-x64-musl": {
			"version": "1.9.4",
			"resolved": "https://registry.npmjs.org/@biomejs/cli-linux-x64-musl/-/cli-linux-x64-musl-1.9.4.tgz",
			"integrity": "sha512-gEhi/jSBhZ2m6wjV530Yy8+fNqG8PAinM3oV7CyO+6c3CEh16Eizm21uHVsyVBEB6RIM8JHIl6AGYCv6Q6Q9Tg==",
			"cpu": [
				"x64"
			],
			"dev": true,
			"optional": true,
			"os": [
				"linux"
			],
			"engines": {
				"node": ">=14.21.3"
			}
		},
		"node_modules/@biomejs/cli-win32-arm64": {
			"version": "1.9.4",
			"resolved": "https://registry.npmjs.org/@biomejs/cli-win32-arm64/-/cli-win32-arm64-1.9.4.tgz",
			"integrity": "sha512-tlbhLk+WXZmgwoIKwHIHEBZUwxml7bRJgk0X2sPyNR3S93cdRq6XulAZRQJ17FYGGzWne0fgrXBKpl7l4M87Hg==",
			"cpu": [
				"arm64"
			],
			"dev": true,
			"optional": true,
			"os": [
				"win32"
			],
			"engines": {
				"node": ">=14.21.3"
			}
		},
		"node_modules/@biomejs/cli-win32-x64": {
			"version": "1.9.4",
			"resolved": "https://registry.npmjs.org/@biomejs/cli-win32-x64/-/cli-win32-x64-1.9.4.tgz",
			"integrity": "sha512-8Y5wMhVIPaWe6jw2H+KlEm4wP/f7EW3810ZLmDlrEEy5KvBsb9ECEfu/kMWD484ijfQ8+nIi0giMgu9g1UAuuA==",
			"cpu": [
				"x64"
			],
			"dev": true,
			"optional": true,
			"os": [
				"win32"
			],
			"engines": {
				"node": ">=14.21.3"
			}
		},
		"node_modules/@j178/prek": {
			"version": "0.3.13",
			"resolved": "https://registry.npmjs.org/@j178/prek/-/prek-0.3.13.tgz",
			"integrity": "sha512-z5YMyNvyQK0Cfw8ljm/zJu/JswmCQ20e9iVtP18I8iwK7gMUawPYMffTiaGsH6y0p30GNPPstjdkN5STIleQ6Q==",
			"dev": true,
			"bin": {
				"prek": "bin/prek.js"
			},
			"engines": {
				"node": ">=18"
			},
			"optionalDependencies": {
				"@j178/prek-android-arm64": "0.3.13",
				"@j178/prek-darwin-arm64": "0.3.13",
				"@j178/prek-darwin-x64": "0.3.13",
				"@j178/prek-linux-arm-gnueabihf": "0.3.13",
				"@j178/prek-linux-arm-musleabihf": "0.3.13",
				"@j178/prek-linux-arm64-gnu": "0.3.13",
				"@j178/prek-linux-arm64-musl": "0.3.13",
				"@j178/prek-linux-armv7-musleabihf": "0.3.13",
				"@j178/prek-linux-ia32-gnu": "0.3.13",
				"@j178/prek-linux-ia32-musl": "0.3.13",
				"@j178/prek-linux-riscv64-gnu": "0.3.13",
				"@j178/prek-linux-s390x-gnu": "0.3.13",
				"@j178/prek-linux-x64-gnu": "0.3.13",
				"@j178/prek-linux-x64-musl": "0.3.13",
				"@j178/prek-win32-arm64-msvc": "0.3.13",
				"@j178/prek-win32-ia32-msvc": "0.3.13",
				"@j178/prek-win32-x64-msvc": "0.3.13"
			}
		},
		"node_modules/@j178/prek-android-arm64": {
			"version": "0.3.13",
			"resolved": "https://registry.npmjs.org/@j178/prek-android-arm64/-/prek-android-arm64-0.3.13.tgz",
			"integrity": "sha512-VBr2kIOAY0QpEuk0CrIBaiU8at/Xw5f47ga7Zrpcxzaz2KdJIYeWmbWsiIeNFv6Ko7y4xxY7Ho+EkZd3Pr/5DA==",
			"cpu": [
				"arm64"
			],
			"dev": true,
			"optional": true,
			"os": [
				"android"
			],
			"engines": {
				"node": ">=18"
			}
		},
		"node_modules/@j178/prek-darwin-arm64": {
			"version": "0.3.13",
			"resolved": "https://registry.npmjs.org/@j178/prek-darwin-arm64/-/prek-darwin-arm64-0.3.13.tgz",
			"integrity": "sha512-AsuXqvZ/WvV8McGnxMIyU7UeZo7e/BdkkzXAqSGjNM2ZnEW8difbr5H87sgE8YGrzxGsXkujEdkMbAotYgwoiQ==",
			"cpu": [
				"arm64"
			],
			"dev": true,
			"optional": true,
			"os": [
				"darwin"
			],
			"engines": {
				"node": ">=18"
			}
		},
		"node_modules/@j178/prek-darwin-x64": {
			"version": "0.3.13",
			"resolved": "https://registry.npmjs.org/@j178/prek-darwin-x64/-/prek-darwin-x64-0.3.13.tgz",
			"integrity": "sha512-CSEI4JDx/+9JECV6gzcHvi6wAFNbsPXZVuEvMaCiuPxc1ajTvmsgxTf5xCdXP3AmMErN6NeUkV0uqgqMFUjVSw==",
			"cpu": [
				"x64"
			],
			"dev": true,
			"optional": true,
			"os": [
				"darwin"
			],
			"engines": {
				"node": ">=18"
			}
		},
		"node_modules/@j178/prek-linux-arm-gnueabihf": {
			"version": "0.3.13",
			"resolved": "https://registry.npmjs.org/@j178/prek-linux-arm-gnueabihf/-/prek-linux-arm-gnueabihf-0.3.13.tgz",
			"integrity": "sha512-dQt1onTfbjta+PpUrg0mmKHj60iMUSo/I35t+HFjImV26Ersml6H2Ww9NHJui2Z/bJ6i5MTYXAFWTq2YYtvlYA==",
			"cpu": [
				"arm"
			],
			"dev": true,
			"optional": true,
			"os": [
				"linux"
			],
			"engines": {
				"node": ">=18"
			}
		},
		"node_modules/@j178/prek-linux-arm-musleabihf": {
			"version": "0.3.13",
			"resolved": "https://registry.npmjs.org/@j178/prek-linux-arm-musleabihf/-/prek-linux-arm-musleabihf-0.3.13.tgz",
			"integrity": "sha512-iTC580zeHNALrhpIZoesl2ksMozuTV6xiwhBOlnsIpQwKVijcExIZtPnG0zxYAbNfXFgt9mUKatrxsc0aHZmhQ==",
			"cpu": [
				"arm"
			],
			"dev": true,
			"optional": true,
			"os": [
				"linux"
			],
			"engines": {
				"node": ">=18"
			}
		},
		"node_modules/@j178/prek-linux-arm64-gnu": {
			"version": "0.3.13",
			"resolved": "https://registry.npmjs.org/@j178/prek-linux-arm64-gnu/-/prek-linux-arm64-gnu-0.3.13.tgz",
			"integrity": "sha512-ZKa/FfMzQgni1KdSl5hOcaaYa9OvoOqB9DQo0dRSR6nuTIVsi8/G/ZuCl7Jnjel8vZB3LbOp7i2ZS//jDCnvUg==",
			"cpu": [
				"arm64"
			],
			"dev": true,
			"optional": true,
			"os": [
				"linux"
			],
			"engines": {
				"node": ">=18"
			}
		},
		"node_modules/@j178/prek-linux-arm64-musl": {
			"version": "0.3.13",
			"resolved": "https://registry.npmjs.org/@j178/prek-linux-arm64-musl/-/prek-linux-arm64-musl-0.3.13.tgz",
			"integrity": "sha512-XdgJCz0wPRR+NoZ1c50v7kVxQoPC2OopPCab32Mr4oFuAddqZZKjUL8k7nJUSHXR61i6fPxQKx8gS44vNRNSuA==",
			"cpu": [
				"arm64"
			],
			"dev": true,
			"optional": true,
			"os": [
				"linux"
			],
			"engines": {
				"node": ">=18"
			}
		},
		"node_modules/@j178/prek-linux-armv7-musleabihf": {
			"version": "0.3.13",
			"resolved": "https://registry.npmjs.org/@j178/prek-linux-armv7-musleabihf/-/prek-linux-armv7-musleabihf-0.3.13.tgz",
			"integrity": "sha512-pt+sUUJPsSSIiWHHSluUZ8sVUogro+m9e+9BBzGMDHggpSlHmfaYbTY0WjUDhSCFOS7G+NdF2sENdGpbAqYAdw==",
			"cpu": [
				"arm"
			],
			"dev": true,
			"optional": true,
			"os": [
				"linux"
			],
			"engines": {
				"node": ">=18"
			}
		},
		"node_modules/@j178/prek-linux-ia32-gnu": {
			"version": "0.3.13",
			"resolved": "https://registry.npmjs.org/@j178/prek-linux-ia32-gnu/-/prek-linux-ia32-gnu-0.3.13.tgz",
			"integrity": "sha512-hfjLDcK19FaqZ8IzVWOWFlfzV73wEw00RNgBOC7fJqJW7ckrSzx9CiIcMIrJ1/h0dprGR+iwmBLx7z5a1VDa+Q==",
			"cpu": [
				"ia32"
			],
			"dev": true,
			"optional": true,
			"os": [
				"linux"
			],
			"engines": {
				"node": ">=18"
			}
		},
		"node_modules/@j178/prek-linux-ia32-musl": {
			"version": "0.3.13",
			"resolved": "https://registry.npmjs.org/@j178/prek-linux-ia32-musl/-/prek-linux-ia32-musl-0.3.13.tgz",
			"integrity": "sha512-tCeSRH6rQHgyWtYnlY2RL+DPmCHEjCA9J8TEeOGUfigfuXlPeduqNYCbihfcmUURFASl6AR7g9jOF0mRZyPiHA==",
			"cpu": [
				"ia32"
			],
			"dev": true,
			"optional": true,
			"os": [
				"linux"
			],
			"engines": {
				"node": ">=18"
			}
		},
		"node_modules/@j178/prek-linux-riscv64-gnu": {
			"version": "0.3.13",
			"resolved": "https://registry.npmjs.org/@j178/prek-linux-riscv64-gnu/-/prek-linux-riscv64-gnu-0.3.13.tgz",
			"integrity": "sha512-RZvnILVk/iP7e89nBrSP4SLbyllGSMOUpFd5/fdo/FU3mN348umlIlTHVyXJ6Need2uOAJNgQQXZ0EdKnzpLEA==",
			"cpu": [
				"riscv64"
			],
			"dev": true,
			"optional": true,
			"os": [
				"linux"
			],
			"engines": {
				"node": ">=18"
			}
		},
		"node_modules/@j178/prek-linux-s390x-gnu": {
			"version": "0.3.13",
			"resolved": "https://registry.npmjs.org/@j178/prek-linux-s390x-gnu/-/prek-linux-s390x-gnu-0.3.13.tgz",
			"integrity": "sha512-sAhwUYU2Urfp5HnYhS/iYQ2XHsnJKnAOmuilTlw8jB6Y6zNOpmCNMsgSlPvP6fTN1ntsVarh6LwvuerajWs5Rw==",
			"cpu": [
				"s390x"
			],
			"dev": true,
			"optional": true,
			"os": [
				"linux"
			],
			"engines": {
				"node": ">=18"
			}
		},
		"node_modules/@j178/prek-linux-x64-gnu": {
			"version": "0.3.13",
			"resolved": "https://registry.npmjs.org/@j178/prek-linux-x64-gnu/-/prek-linux-x64-gnu-0.3.13.tgz",
			"integrity": "sha512-kyBOHaRqnuzF4KrWGxkFkZ/RkwxV6Yyf3DaBU9lgXMBKRs63MwLZRIE6EMKc6JQarEDYcFY5kGe1MNz5q9sflg==",
			"cpu": [
				"x64"
			],
			"dev": true,
			"optional": true,
			"os": [
				"linux"
			],
			"engines": {
				"node": ">=18"
			}
		},
		"node_modules/@j178/prek-linux-x64-musl": {
			"version": "0.3.13",
			"resolved": "https://registry.npmjs.org/@j178/prek-linux-x64-musl/-/prek-linux-x64-musl-0.3.13.tgz",
			"integrity": "sha512-Wo3ogs/OaFD9izZyBP1JsS3rGb+eiuMAiiKuNSsWC+/Lt7XQXSuJ3YVEWYwYNtncuiaxZ9LmDS/4SLOxq/M5BQ==",
			"cpu": [
				"x64"
			],
			"dev": true,
			"optional": true,
			"os": [
				"linux"
			],
			"engines": {
				"node": ">=18"
			}
		},
		"node_modules/@j178/prek-win32-arm64-msvc": {
			"version": "0.3.13",
			"resolved": "https://registry.npmjs.org/@j178/prek-win32-arm64-msvc/-/prek-win32-arm64-msvc-0.3.13.tgz",
			"integrity": "sha512-y01wCK7u4eH/9ETmiYAOLlOcr38oA453VXNA+PuWcbGCAKeGvDIpsYs4x2uKfAibULWbrveCrRg0tTLjZ5YeBQ==",
			"cpu": [
				"arm64"
			],
			"dev": true,
			"optional": true,
			"os": [
				"win32"
			],
			"engines": {
				"node": ">=18"
			}
		},
		"node_modules/@j178/prek-win32-ia32-msvc": {
			"version": "0.3.13",
			"resolved": "https://registry.npmjs.org/@j178/prek-win32-ia32-msvc/-/prek-win32-ia32-msvc-0.3.13.tgz",
			"integrity": "sha512-nz/6XFNsJ2b/SnVpn/0PAPxBqEQJZGDCDXVt1UyHsGyPFzmxrvHjRIksrbWxXfIhkBv8iyEIlJGk7q8+gG2cZA==",
			"cpu": [
				"ia32"
			],
			"dev": true,
			"optional": true,
			"os": [
				"win32"
			],
			"engines": {
				"node": ">=18"
			}
		},
		"node_modules/@j178/prek-win32-x64-msvc": {
			"version": "0.3.13",
			"resolved": "https://registry.npmjs.org/@j178/prek-win32-x64-msvc/-/prek-win32-x64-msvc-0.3.13.tgz",
			"integrity": "sha512-891Ly7bFbbOi9VQfwpb146BiEhDC+oqofXaZ/Hd10Xiv/wYjRzzym2rjThlRvrRv8rj0exeN557YwyRsk5RPCw==",
			"cpu": [
				"x64"
			],
			"dev": true,
			"optional": true,
			"os": [
				"win32"
			],
			"engines": {
				"node": ">=18"
			}
		},
		"node_modules/mystmd": {
			"version": "1.10.1",
			"resolved": "https://registry.npmjs.org/mystmd/-/mystmd-1.10.1.tgz",
			"integrity": "sha512-nczabm7R8PmoqJVqKpaijTr1kxdwnY+hRoFC7b+NEUdxW5yZZ8n/CuJlMJKlHtG/pA4o3Ia2RP/0Ra3UPj6sFg==",
			"dev": true,
			"bin": {
				"myst": "dist/myst.cjs"
			}
		}
	}
}
